langcode: en
status: true
dependencies:
  module:
    - openfarm_statistics
    - route_condition
  theme:
    - openfarm_theme
id: site_wide_statistics_block
theme: openfarm_theme
region: content
weight: -16
provider: null
plugin: site_wide_statistics_block
settings:
  id: site_wide_statistics_block
  label: 'Site wide statistics block'
  provider: openfarm_statistics
  label_display: '0'
visibility:
  route:
    id: route
    routes: "view.holdings.all_holdings_page\r\nview.records.all_records_page\r\nview.news.all_news_page\r\nview.user_admin_people.community_page\r\nview.frontpage.front_page"
    negate: false
    context_mapping: {  }
