langcode: en
status: true
dependencies:
  module:
    - node
    - openfarm_footer
    - route_condition
  theme:
    - openfarm_theme
id: mobile_footer_block
theme: openfarm_theme
region: footer
weight: 0
provider: null
plugin: openfarm_footer_mobile_footer_block
settings:
  id: openfarm_footer_mobile_footer_block
  label: 'Mobile footer block'
  provider: openfarm_footer
  label_display: '0'
  hide_like: 0
  main_class: site-footer-mobile-block
  context_mapping:
    node: '@node.node_route_context:node'
visibility:
  node_type:
    id: node_type
    bundles:
      article: article
      holding: holding
      record: record
    negate: false
    context_mapping:
      node: '@node.node_route_context:node'
  route:
    id: route
    routes: entity.node.canonical
    negate: false
    context_mapping: {  }
